// !$*UTF8*$!
{
	archiveVersion = 1;
	classes = {
	};
	objectVersion = 46;
	objects = {

/* Begin PBXBuildFile section */
		E72B8A611E6FDB370050D740 /* NextViewController.m in Sources */ = {isa = PBXBuildFile; fileRef = E72B8A601E6FDB370050D740 /* NextViewController.m */; };
		FA1D2D6D1E6D382A00F19129 /* main.m in Sources */ = {isa = PBXBuildFile; fileRef = FA1D2D6C1E6D382A00F19129 /* main.m */; };
		FA1D2D701E6D382B00F19129 /* AppDelegate.m in Sources */ = {isa = PBXBuildFile; fileRef = FA1D2D6F1E6D382B00F19129 /* AppDelegate.m */; };
		FA1D2D781E6D382B00F19129 /* Assets.xcassets in Resources */ = {isa = PBXBuildFile; fileRef = FA1D2D771E6D382B00F19129 /* Assets.xcassets */; };
/* End PBXBuildFile section */

/* Begin PBXFileReference section */
		E72B8A5F1E6FDB370050D740 /* NextViewController.h */ = {isa = PBXFileReference; fileEncoding = 4; lastKnownFileType = sourcecode.c.h; path = NextViewController.h; sourceTree = "<group>"; };
		E72B8A601E6FDB370050D740 /* NextViewController.m */ = {isa = PBXFileReference; fileEncoding = 4; lastKnownFileType = sourcecode.c.objc; path = NextViewController.m; sourceTree = "<group>"; };
		FA1D2D681E6D382900F19129 /* MP_DAY8IOS.app */ = {isa = PBXFileReference; explicitFileType = wrapper.application; includeInIndex = 0; path = MP_DAY8IOS.app; sourceTree = BUILT_PRODUCTS_DIR; };
		FA1D2D6C1E6D382A00F19129 /* main.m */ = {isa = PBXFileReference; lastKnownFileType = sourcecode.c.objc; path = main.m; sourceTree = "<group>"; };
		FA1D2D6E1E6D382A00F19129 /* AppDelegate.h */ = {isa = PBXFileReference; lastKnownFileType = sourcecode.c.h; path = AppDelegate.h; sourceTree = "<group>"; };
		FA1D2D6F1E6D382B00F19129 /* AppDelegate.m */ = {isa = PBXFileReference; lastKnownFileType = sourcecode.c.objc; path = AppDelegate.m; sourceTree = "<group>"; };
		FA1D2D771E6D382B00F19129 /* Assets.xcassets */ = {isa = PBXFileReference; lastKnownFileType = folder.assetcatalog; path = Assets.xcassets; sourceTree = "<group>"; };
		FA1D2D7C1E6D382C00F19129 /* Info.plist */ = {isa = PBXFileReference; lastKnownFileType = text.plist.xml; path = Info.plist; sourceTree = "<group>"; };
/* End PBXFileReference section */

/* Begin PBXFrameworksBuildPhase section */
		FA1D2D651E6D382900F19129 /* Frameworks */ = {
			isa = PBXFrameworksBuildPhase;
			buildActionMask = 2147483647;
			files = (
			);
			runOnlyForDeploymentPostprocessing = 0;
		};
/* End PBXFrameworksBuildPhase section */

/* Begin PBXGroup section */
		FA1D2D5F1E6D382800F19129 = {
			isa = PBXGroup;
			children = (
				FA1D2D6A1E6D382900F19129 /* MP_DAY8IOS */,
				FA1D2D691E6D382900F19129 /* Products */,
			);
			sourceTree = "<group>";
		};
		FA1D2D691E6D382900F19129 /* Products */ = {
			isa = PBXGroup;
			children = (
				FA1D2D681E6D382900F19129 /* MP_DAY8IOS.app */,
			);
			name = Products;
			sourceTree = "<group>";
		};
		FA1D2D6A1E6D382900F19129 /* MP_DAY8IOS */ = {
			isa = PBXGroup;
			children = (
				FA1D2D6E1E6D382A00F19129 /* AppDelegate.h */,
				FA1D2D6F1E6D382B00F19129 /* AppDelegate.m */,
				FA1D2D771E6D382B00F19129 /* Assets.xcassets */,
				FA1D2D7C1E6D382C00F19129 /* Info.plist */,
				FA1D2D6B1E6D382A00F19129 /* Supporting Files */,
				E72B8A5F1E6FDB370050D740 /* NextViewController.h */,
				E72B8A601E6FDB370050D740 /* NextViewController.m */,
			);
			path = MP_DAY8IOS;
			sourceTree = "<group>";
		};
		FA1D2D6B1E6D382A00F19129 /* Supporting Files */ = {
			isa = PBXGroup;
			children = (
				FA1D2D6C1E6D382A00F19129 /* main.m */,
			);
			name = "Supporting Files";
			sourceTree = "<group>";
		};
/* End PBXGroup section */

/* Begin PBXNativeTarget section */
		FA1D2D671E6D382900F19129 /* MP_DAY8IOS */ = {
			isa = PBXNativeTarget;
			buildConfigurationList = FA1D2D7F1E6D382C00F19129 /* Build configuration list for PBXNativeTarget "MP_DAY8IOS" */;
			buildPhases = (
				FA1D2D641E6D382900F19129 /* Sources */,
				FA1D2D651E6D382900F19129 /* Frameworks */,
				FA1D2D661E6D382900F19129 /* Resources */,
			);
			buildRules = (
			);
			dependencies = (
			);
			name = MP_DAY8IOS;
			productName = MP_DAY8IOS;
			productReference = FA1D2D681E6D382900F19129 /* MP_DAY8IOS.app */;
			productType = "com.apple.product-type.application";
		};
/* End PBXNativeTarget section */

/* Begin PBXProject section */
		FA1D2D601E6D382800F19129 /* Project object */ = {
			isa = PBXProject;
			attributes = {
				LastUpgradeCheck = 0820;
				ORGANIZATIONNAME = PreetiPawar;
				TargetAttributes = {
					FA1D2D671E6D382900F19129 = {
						CreatedOnToolsVersion = 8.2;
						ProvisioningStyle = Automatic;
					};
				};
			};
			buildConfigurationList = FA1D2D631E6D382800F19129 /* Build configuration list for PBXProject "MP_DAY8IOS" */;
			compatibilityVersion = "Xcode 3.2";
			developmentRegion = English;
			hasScannedForEncodings = 0;
			knownRegions = (
				en,
				Base,
			);
			mainGroup = FA1D2D5F1E6D382800F19129;
			productRefGroup = FA1D2D691E6D382900F19129 /* Products */;
			projectDirPath = "";
			projectRoot = "";
			targets = (
				FA1D2D671E6D382900F19129 /* MP_DAY8IOS */,
			);
		};
/* End PBXProject section */

/* Begin PBXResourcesBuildPhase section */
		FA1D2D661E6D382900F19129 /* Resources */ = {
			isa = PBXResourcesBuildPhase;
			buildActionMask = 2147483647;
			files = (
				FA1D2D781E6D382B00F19129 /* Assets.xcassets in Resources */,
			);
			runOnlyForDeploymentPostprocessing = 0;
		};
/* End PBXResourcesBuildPhase section */

/* Begin PBXSourcesBuildPhase section */
		FA1D2D641E6D382900F19129 /* Sources */ = {
			isa = PBXSourcesBuildPhase;
			buildActionMask = 2147483647;
			files = (
				FA1D2D701E6D382B00F19129 /* AppDelegate.m in Sources */,
				E72B8A611E6FDB370050D740 /* NextViewController.m in Sources */,
				FA1D2D6D1E6D382A00F19129 /* main.m in Sources */,
			);
			runOnlyForDeploymentPostprocessing = 0;
		};
/* End PBXSourcesBuildPhase section */

/* Begin XCBuildConfiguration section */
		FA1D2D7D1E6D382C00F19129 /* Debug */ = {
			isa = XCBuildConfiguration;
			buildSettings = {
				ALWAYS_SEARCH_USER_PATHS = NO;
				CLANG_ANALYZER_NONNULL = YES;
				CLANG_CXX_LANGUAGE_STANDARD = "gnu++0x";
				CLANG_CXX_LIBRARY = "libc++";
				CLANG_ENABLE_MODULES = YES;
				CLANG_ENABLE_OBJC_ARC = YES;
				CLANG_WARN_BOOL_CONVERSION = YES;
				CLANG_WARN_CONSTANT_CONVERSION = YES;
				CLANG_WARN_DIRECT_OBJC_ISA_USAGE = YES_ERROR;
				CLANG_WARN_DOCUMENTATION_COMMENTS = YES;
				CLANG_WARN_EMPTY_BODY = YES;
				CLANG_WARN_ENUM_CONVERSION = YES;
				CLANG_WARN_INFINITE_RECURSION = YES;
				CLANG_WARN_INT_CONVERSION = YES;
				CLANG_WARN_OBJC_ROOT_CLASS = YES_ERROR;
				CLANG_WARN_SUSPICIOUS_MOVE = YES;
				CLANG_WARN_UNREACHABLE_CODE = YES;
				CLANG_WARN__DUPLICATE_METHOD_MATCH = YES;
				"CODE_SIGN_IDENTITY[sdk=iphoneos*]" = "iPhone Developer";
				COPY_PHASE_STRIP = NO;
				DEBUG_INFORMATION_FORMAT = dwarf;
				ENABLE_STRICT_OBJC_MSGSEND = YES;
				ENABLE_TESTABILITY = YES;
				GCC_C_LANGUAGE_STANDARD = gnu99;
				GCC_DYNAMIC_NO_PIC = NO;
				GCC_NO_COMMON_BLOCKS = YES;
				GCC_OPTIMIZATION_LEVEL = 0;
				GCC_PREPROCESSOR_DEFINITIONS = (
					"DEBUG=1",
					"$(inherited)",
				);
				GCC_WARN_64_TO_32_BIT_CONVERSION = YES;
				GCC_WARN_ABOUT_RETURN_TYPE = YES_ERROR;
				GCC_WARN_UNDECLARED_SELECTOR = YES;
				GCC_WARN_UNINITIALIZED_AUTOS = YES_AGGRESSIVE;
				GCC_WARN_UNUSED_FUNCTION = YES;
				GCC_WARN_UNUSED_VARIABLE = YES;
				IPHONEOS_DEPLOYMENT_TARGET = 10.2;
				MTL_ENABLE_DEBUG_INFO = YES;
				ONLY_ACTIVE_ARCH = YES;
				SDKROOT = iphoneos;
				TARGETED_DEVICE_FAMILY = "1,2";
			};
			name = Debug;
		};
		FA1D2D7E1E6D382C00F19129 /* Release */ = {
			isa = XCBuildConfiguration;
			buildSettings = {
				ALWAYS_SEARCH_USER_PATHS = NO;
				CLANG_ANALYZER_NONNULL = YES;
				CLANG_CXX_LANGUAGE_STANDARD = "gnu++0x";
				CLANG_CXX_LIBRARY = "libc++";
				CLANG_ENABLE_MODULES = YES;
				CLANG_ENABLE_OBJC_ARC = YES;
				CLANG_WARN_BOOL_CONVERSION = YES;
				CLANG_WARN_CONSTANT_CONVERSION = YES;
				CLANG_WARN_DIRECT_OBJC_ISA_USAGE = YES_ERROR;
				CLANG_WARN_DOCUMENTATION_COMMENTS = YES;
				CLANG_WARN_EMPTY_BODY = YES;
				CLANG_WARN_ENUM_CONVERSION = YES;
				CLANG_WARN_INFINITE_RECURSION = YES;
				CLANG_WARN_INT_CONVERSION = YES;
				CLANG_WARN_OBJC_ROOT_CLASS = YES_ERROR;
				CLANG_WARN_SUSPICIOUS_MOVE = YES;
				CLANG_WARN_UNREACHABLE_CODE = YES;
				CLANG_WARN__DUPLICATE_METHOD_MATCH = YES;
				"CODE_SIGN_IDENTITY[sdk=iphoneos*]" = "iPhone Developer";
				COPY_PHASE_STRIP = NO;
				DEBUG_INFORMATION_FORMAT = "dwarf-with-dsym";
				ENABLE_NS_ASSERTIONS = NO;
				ENABLE_STRICT_OBJC_MSGSEND = YES;
				GCC_C_LANGUAGE_STANDARD = gnu99;
				GCC_NO_COMMON_BLOCKS = YES;
				GCC_WARN_64_TO_32_BIT_CONVERSION = YES;
				GCC_WARN_ABOUT_RETURN_TYPE = YES_ERROR;
				GCC_WARN_UNDECLARED_SELECTOR = YES;
				GCC_WARN_UNINITIALIZED_AUTOS = YES_AGGRESSIVE;
				GCC_WARN_UNUSED_FUNCTION = YES;
				GCC_WARN_UNUSED_VARIABLE = YES;
				IPHONEOS_DEPLOYMENT_TARGET = 10.2;
				MTL_ENABLE_DEBUG_INFO = NO;
				SDKROOT = iphoneos;
				TARGETED_DEVICE_FAMILY = "1,2";
				VALIDATE_PRODUCT = YES;
			};
			name = Release;
		};
		FA1D2D801E6D382C00F19129 /* Debug */ = {
			isa = XCBuildConfiguration;
			buildSettings = {
				ASSETCATALOG_COMPILER_APPICON_NAME = AppIcon;
				INFOPLIST_FILE = MP_DAY8IOS/Info.plist;
				LD_RUNPATH_SEARCH_PATHS = "$(inherited) @executable_path/Frameworks";
				PRODUCT_BUNDLE_IDENTIFIER = "com.felix.MP-DAY8IOS";
				PRODUCT_NAME = "$(TARGET_NAME)";
			};
			name = Debug;
		};
		FA1D2D811E6D382C00F19129 /* Release */ = {
			isa = XCBuildConfiguration;
			buildSettings = {
				ASSETCATALOG_COMPILER_APPICON_NAME = AppIcon;
				INFOPLIST_FILE = MP_DAY8IOS/Info.plist;
				LD_RUNPATH_SEARCH_PATHS = "$(inherited) @executable_path/Frameworks";
				PRODUCT_BUNDLE_IDENTIFIER = "com.felix.MP-DAY8IOS";
				PRODUCT_NAME = "$(TARGET_NAME)";
			};
			name = Release;
		};
/* End XCBuildConfiguration section */

/* Begin XCConfigurationList section */
		FA1D2D631E6D382800F19129 /* Build configuration list for PBXProject "MP_DAY8IOS" */ = {
			isa = XCConfigurationList;
			buildConfigurations = (
				FA1D2D7D1E6D382C00F19129 /* Debug */,
				FA1D2D7E1E6D382C00F19129 /* Release */,
			);
			defaultConfigurationIsVisible = 0;
			defaultConfigurationName = Release;
		};
		FA1D2D7F1E6D382C00F19129 /* Build configuration list for PBXNativeTarget "MP_DAY8IOS" */ = {
			isa = XCConfigurationList;
			buildConfigurations = (
				FA1D2D801E6D382C00F19129 /* Debug */,
				FA1D2D811E6D382C00F19129 /* Release */,
			);
			defaultConfigurationIsVisible = 0;
			defaultConfigurationName = Release;
		};
/* End XCConfigurationList section */
	};
	rootObject = FA1D2D601E6D382800F19129 /* Project object */;
}
